
Microsoft Visual Studio Solution File, Format Version 12.00
# Visual Studio Version 16
VisualStudioVersion = 16.0.29509.3
MinimumVisualStudioVersion = 10.0.40219.1
Project("{FAE04EC0-301F-11D3-BF4B-00C04F79EFBC}") = "Multimeter", "Multimeter.csproj", "{FA2BC24E-58DF-4830-8A7C-2ACB5DAB822B}"
EndProject
Project("{FAE04EC0-301F-11D3-BF4B-00C04F79EFBC}") = "Vici8145Lib", "VIc8145Lib\Vici8145Lib.csproj", "{68FD4782-E1F7-46F8-ABF2-72C5BCCDE201}"
EndProject
Project("{FAE04EC0-301F-11D3-BF4B-00C04F79EFBC}") = "ViCi VC8145", "ViCi VC8145\ViCi VC8145.csproj", "{B51EFFF6-CA36-4E17-9D16-6719503BB6FF}"
EndProject
Global
	GlobalSection(SolutionConfigurationPlatforms) = preSolution
		Debug|Any CPU = Debug|Any CPU
		Release|Any CPU = Release|Any CPU
	EndGlobalSection
	GlobalSection(ProjectConfigurationPlatforms) = postSolution
		{FA2BC24E-58DF-4830-8A7C-2ACB5DAB822B}.Debug|Any CPU.ActiveCfg = Debug|Any CPU
		{FA2BC24E-58DF-4830-8A7C-2ACB5DAB822B}.Debug|Any CPU.Build.0 = Debug|Any CPU
		{FA2BC24E-58DF-4830-8A7C-2ACB5DAB822B}.Release|Any CPU.ActiveCfg = Release|Any CPU
		{FA2BC24E-58DF-4830-8A7C-2ACB5DAB822B}.Release|Any CPU.Build.0 = Release|Any CPU
		{68FD4782-E1F7-46F8-ABF2-72C5BCCDE201}.Debug|Any CPU.ActiveCfg = Debug|Any CPU
		{68FD4782-E1F7-46F8-ABF2-72C5BCCDE201}.Debug|Any CPU.Build.0 = Debug|Any CPU
		{68FD4782-E1F7-46F8-ABF2-72C5BCCDE201}.Release|Any CPU.ActiveCfg = Release|Any CPU
		{68FD4782-E1F7-46F8-ABF2-72C5BCCDE201}.Release|Any CPU.Build.0 = Release|Any CPU
		{B51EFFF6-CA36-4E17-9D16-6719503BB6FF}.Debug|Any CPU.ActiveCfg = Debug|Any CPU
		{B51EFFF6-CA36-4E17-9D16-6719503BB6FF}.Debug|Any CPU.Build.0 = Debug|Any CPU
		{B51EFFF6-CA36-4E17-9D16-6719503BB6FF}.Release|Any CPU.ActiveCfg = Release|Any CPU
		{B51EFFF6-CA36-4E17-9D16-6719503BB6FF}.Release|Any CPU.Build.0 = Release|Any CPU
	EndGlobalSection
	GlobalSection(SolutionProperties) = preSolution
		HideSolutionNode = FALSE
	EndGlobalSection
	GlobalSection(ExtensibilityGlobals) = postSolution
		SolutionGuid = {9F640053-1D29-4284-99D2-235E895E8979}
	EndGlobalSection
EndGlobal
